
Microsoft Visual Studio Solution File, Format Version 12.00
# Visual Studio Version 16
VisualStudioVersion = 16.0.30225.117
MinimumVisualStudioVersion = 10.0.40219.1
Project("{FAE04EC0-301F-11D3-BF4B-00C04F79EFBC}") = "HelloApp", "HelloApp\HelloApp.csproj", "{0C31D622-72A9-488A-9E73-645EC93213EC}"
EndProject
Project("{FAE04EC0-301F-11D3-BF4B-00C04F79EFBC}") = "IntegerType", "IntegerType\IntegerType.csproj", "{A3851218-925B-4A82-AA1F-CEE40B60FCAA}"
EndProject
Project("{FAE04EC0-301F-11D3-BF4B-00C04F79EFBC}") = "BoxingUnboxing", "BoxingUnboxing\BoxingUnboxing.csproj", "{905BDC10-9ABB-40A2-A472-727625414249}"
EndProject
Project("{FAE04EC0-301F-11D3-BF4B-00C04F79EFBC}") = "IntergerConversion", "IntergerConversion\IntergerConversion.csproj", "{D6D5FF73-C0B2-4501-80F6-E4D680937947}"
EndProject
Project("{2150E333-8FDC-42A3-9474-1A3956D46DE8}") = "Ch03", "Ch03", "{32BBA1EF-7290-450F-A6AA-2C95676E1B6E}"
EndProject
Project("{2150E333-8FDC-42A3-9474-1A3956D46DE8}") = "Ch02", "Ch02", "{48EDCAB3-9DD0-4354-A118-87146CBFF103}"
EndProject
Project("{FAE04EC0-301F-11D3-BF4B-00C04F79EFBC}") = "FloatConversion", "FloatConversion\FloatConversion.csproj", "{33AD1603-F4F1-4D23-9C90-CAB5CC059C85}"
EndProject
Project("{FAE04EC0-301F-11D3-BF4B-00C04F79EFBC}") = "StringNumConversion", "StringNumConversion\StringNumConversion.csproj", "{2E987527-0E4F-4212-BE96-6CB59912E45D}"
EndProject
Global
	GlobalSection(SolutionConfigurationPlatforms) = preSolution
		Debug|Any CPU = Debug|Any CPU
		Release|Any CPU = Release|Any CPU
	EndGlobalSection
	GlobalSection(ProjectConfigurationPlatforms) = postSolution
		{0C31D622-72A9-488A-9E73-645EC93213EC}.Debug|Any CPU.ActiveCfg = Debug|Any CPU
		{0C31D622-72A9-488A-9E73-645EC93213EC}.Debug|Any CPU.Build.0 = Debug|Any CPU
		{0C31D622-72A9-488A-9E73-645EC93213EC}.Release|Any CPU.ActiveCfg = Release|Any CPU
		{0C31D622-72A9-488A-9E73-645EC93213EC}.Release|Any CPU.Build.0 = Release|Any CPU
		{A3851218-925B-4A82-AA1F-CEE40B60FCAA}.Debug|Any CPU.ActiveCfg = Debug|Any CPU
		{A3851218-925B-4A82-AA1F-CEE40B60FCAA}.Debug|Any CPU.Build.0 = Debug|Any CPU
		{A3851218-925B-4A82-AA1F-CEE40B60FCAA}.Release|Any CPU.ActiveCfg = Release|Any CPU
		{A3851218-925B-4A82-AA1F-CEE40B60FCAA}.Release|Any CPU.Build.0 = Release|Any CPU
		{905BDC10-9ABB-40A2-A472-727625414249}.Debug|Any CPU.ActiveCfg = Debug|Any CPU
		{905BDC10-9ABB-40A2-A472-727625414249}.Debug|Any CPU.Build.0 = Debug|Any CPU
		{905BDC10-9ABB-40A2-A472-727625414249}.Release|Any CPU.ActiveCfg = Release|Any CPU
		{905BDC10-9ABB-40A2-A472-727625414249}.Release|Any CPU.Build.0 = Release|Any CPU
		{D6D5FF73-C0B2-4501-80F6-E4D680937947}.Debug|Any CPU.ActiveCfg = Debug|Any CPU
		{D6D5FF73-C0B2-4501-80F6-E4D680937947}.Debug|Any CPU.Build.0 = Debug|Any CPU
		{D6D5FF73-C0B2-4501-80F6-E4D680937947}.Release|Any CPU.ActiveCfg = Release|Any CPU
		{D6D5FF73-C0B2-4501-80F6-E4D680937947}.Release|Any CPU.Build.0 = Release|Any CPU
		{33AD1603-F4F1-4D23-9C90-CAB5CC059C85}.Debug|Any CPU.ActiveCfg = Debug|Any CPU
		{33AD1603-F4F1-4D23-9C90-CAB5CC059C85}.Debug|Any CPU.Build.0 = Debug|Any CPU
		{33AD1603-F4F1-4D23-9C90-CAB5CC059C85}.Release|Any CPU.ActiveCfg = Release|Any CPU
		{33AD1603-F4F1-4D23-9C90-CAB5CC059C85}.Release|Any CPU.Build.0 = Release|Any CPU
		{2E987527-0E4F-4212-BE96-6CB59912E45D}.Debug|Any CPU.ActiveCfg = Debug|Any CPU
		{2E987527-0E4F-4212-BE96-6CB59912E45D}.Debug|Any CPU.Build.0 = Debug|Any CPU
		{2E987527-0E4F-4212-BE96-6CB59912E45D}.Release|Any CPU.ActiveCfg = Release|Any CPU
		{2E987527-0E4F-4212-BE96-6CB59912E45D}.Release|Any CPU.Build.0 = Release|Any CPU
	EndGlobalSection
	GlobalSection(SolutionProperties) = preSolution
		HideSolutionNode = FALSE
	EndGlobalSection
	GlobalSection(NestedProjects) = preSolution
		{0C31D622-72A9-488A-9E73-645EC93213EC} = {48EDCAB3-9DD0-4354-A118-87146CBFF103}
		{A3851218-925B-4A82-AA1F-CEE40B60FCAA} = {32BBA1EF-7290-450F-A6AA-2C95676E1B6E}
		{905BDC10-9ABB-40A2-A472-727625414249} = {32BBA1EF-7290-450F-A6AA-2C95676E1B6E}
		{D6D5FF73-C0B2-4501-80F6-E4D680937947} = {32BBA1EF-7290-450F-A6AA-2C95676E1B6E}
		{33AD1603-F4F1-4D23-9C90-CAB5CC059C85} = {32BBA1EF-7290-450F-A6AA-2C95676E1B6E}
		{2E987527-0E4F-4212-BE96-6CB59912E45D} = {32BBA1EF-7290-450F-A6AA-2C95676E1B6E}
	EndGlobalSection
	GlobalSection(ExtensibilityGlobals) = postSolution
		SolutionGuid = {778A5E65-E591-47CF-BE5D-3EE55348ED1E}
	EndGlobalSection
EndGlobal
