
Microsoft Visual Studio Solution File, Format Version 12.00
# Visual Studio Version 16
VisualStudioVersion = 16.0.30225.117
MinimumVisualStudioVersion = 10.0.40219.1
Project("{FAE04EC0-301F-11D3-BF4B-00C04F79EFBC}") = "HelloApp", "HelloApp\HelloApp.csproj", "{0C31D622-72A9-488A-9E73-645EC93213EC}"
EndProject
Project("{FAE04EC0-301F-11D3-BF4B-00C04F79EFBC}") = "IntegerType", "IntegerType\IntegerType.csproj", "{A3851218-925B-4A82-AA1F-CEE40B60FCAA}"
EndProject
Project("{FAE04EC0-301F-11D3-BF4B-00C04F79EFBC}") = "BoxingUnboxing", "BoxingUnboxing\BoxingUnboxing.csproj", "{905BDC10-9ABB-40A2-A472-727625414249}"
EndProject
Project("{FAE04EC0-301F-11D3-BF4B-00C04F79EFBC}") = "IntergerConversion", "IntergerConversion\IntergerConversion.csproj", "{D6D5FF73-C0B2-4501-80F6-E4D680937947}"
EndProject
Project("{2150E333-8FDC-42A3-9474-1A3956D46DE8}") = "Ch03", "Ch03", "{32BBA1EF-7290-450F-A6AA-2C95676E1B6E}"
EndProject
Project("{2150E333-8FDC-42A3-9474-1A3956D46DE8}") = "Ch02", "Ch02", "{48EDCAB3-9DD0-4354-A118-87146CBFF103}"
EndProject
Project("{FAE04EC0-301F-11D3-BF4B-00C04F79EFBC}") = "FloatConversion", "FloatConversion\FloatConversion.csproj", "{33AD1603-F4F1-4D23-9C90-CAB5CC059C85}"
EndProject
Project("{9A19103F-16F7-4668-BE54-9A1E7A4F7556}") = "StringNumConversion", "StringNumConversion\StringNumConversion.csproj", "{2E987527-0E4F-4212-BE96-6CB59912E45D}"
EndProject
Project("{FAE04EC0-301F-11D3-BF4B-00C04F79EFBC}") = "EnumApp", "EnumApp\EnumApp.csproj", "{05C47D89-7165-4E12-B32B-6425CDD495BA}"
EndProject
Project("{FAE04EC0-301F-11D3-BF4B-00C04F79EFBC}") = "NullableApp", "NullableApp\NullableApp.csproj", "{2571D244-0A9D-44AF-81E4-E1A61D9E48F0}"
EndProject
Project("{2150E333-8FDC-42A3-9474-1A3956D46DE8}") = "AppendixA", "AppendixA", "{21659B4F-1E53-4071-819C-1FA40FA684A2}"
EndProject
Project("{FAE04EC0-301F-11D3-BF4B-00C04F79EFBC}") = "StringSearchApp", "StringSearchApp\StringSearchApp.csproj", "{B2A61B53-9692-450C-8722-2AC94B11B04F}"
EndProject
Project("{2150E333-8FDC-42A3-9474-1A3956D46DE8}") = "Ch04", "Ch04", "{38E41A5A-E266-4E5F-B04F-FE6E9BBB4D0D}"
EndProject
Project("{FAE04EC0-301F-11D3-BF4B-00C04F79EFBC}") = "IfElseApp", "IfElseApp\IfElseApp.csproj", "{3C3826B3-69BF-45F8-B5D2-141033ECF47C}"
EndProject
Project("{2150E333-8FDC-42A3-9474-1A3956D46DE8}") = "Ch05", "Ch05", "{F5E1ACA7-0AFF-4453-99FA-C3124C26DE0A}"
EndProject
Project("{FAE04EC0-301F-11D3-BF4B-00C04F79EFBC}") = "SwitchCaseApp", "SwitchCaseApp\SwitchCaseApp.csproj", "{CCD07C6B-B9F6-4C73-B66F-2D1C49E2991B}"
EndProject
Project("{FAE04EC0-301F-11D3-BF4B-00C04F79EFBC}") = "WhileApp", "WhileApp\WhileApp.csproj", "{92C78BE4-DB75-49A7-A88C-13570010519F}"
EndProject
Project("{FAE04EC0-301F-11D3-BF4B-00C04F79EFBC}") = "ForApp", "ForApp\ForApp.csproj", "{4C7A9F81-BC20-4C58-8C3E-3CFA29FDFA0F}"
EndProject
Project("{2150E333-8FDC-42A3-9474-1A3956D46DE8}") = "Ch06", "Ch06", "{AAEA16E1-EE89-4D59-A79A-C2A384B1C56D}"
EndProject
Project("{FAE04EC0-301F-11D3-BF4B-00C04F79EFBC}") = "SwapByValueApp", "SwapByValueApp\SwapByValueApp.csproj", "{24D58A6B-B7DF-4556-8D66-348D4888B9BC}"
EndProject
Project("{FAE04EC0-301F-11D3-BF4B-00C04F79EFBC}") = "RefReturnApp", "RefReturnApp\RefReturnApp.csproj", "{00F7B94F-23AC-4CB2-AD77-54CFF25508D4}"
EndProject
Project("{FAE04EC0-301F-11D3-BF4B-00C04F79EFBC}") = "UsingOutApp", "UsingOutApp\UsingOutApp.csproj", "{75F3B513-60A3-498E-9BB4-1CA20E865D85}"
EndProject
Project("{FAE04EC0-301F-11D3-BF4B-00C04F79EFBC}") = "OverloadingApp", "OverloadingApp\OverloadingApp.csproj", "{86B9C54F-99ED-42A6-9F7B-D3C37447B394}"
EndProject
Project("{FAE04EC0-301F-11D3-BF4B-00C04F79EFBC}") = "LocalFunction", "LocalFunction\LocalFunction.csproj", "{7B63A7E8-FC16-49E4-9C7B-6B6B92488DA8}"
EndProject
Project("{FAE04EC0-301F-11D3-BF4B-00C04F79EFBC}") = "1", "1\1.csproj", "{049C178A-418D-4626-9E30-3D48BAF56DD3}"
EndProject
Project("{FAE04EC0-301F-11D3-BF4B-00C04F79EFBC}") = "2", "2\2.csproj", "{FD396BA6-2785-48A1-93A1-3E21C3514ABF}"
EndProject
Project("{2150E333-8FDC-42A3-9474-1A3956D46DE8}") = "Ch07", "Ch07", "{9504EAAC-2D51-4831-985A-F2921DD48D99}"
EndProject
Project("{FAE04EC0-301F-11D3-BF4B-00C04F79EFBC}") = "BasicClass", "BasicClass\BasicClass.csproj", "{3276A44C-2496-4347-B176-08993D58BB38}"
EndProject
Project("{FAE04EC0-301F-11D3-BF4B-00C04F79EFBC}") = "StaticField", "StaticField\StaticField.csproj", "{3F07B9DF-03F5-4892-B196-A724133DEFDF}"
EndProject
Project("{FAE04EC0-301F-11D3-BF4B-00C04F79EFBC}") = "DeepCopy", "DeepCopy\DeepCopy.csproj", "{96CA798D-41CF-4BE9-BD80-FD4EF3864C1A}"
EndProject
Project("{FAE04EC0-301F-11D3-BF4B-00C04F79EFBC}") = "AccessModifier", "AccessModifier\AccessModifier.csproj", "{532AF308-FA9C-42A9-BC01-828CC9BB2FA1}"
EndProject
Project("{FAE04EC0-301F-11D3-BF4B-00C04F79EFBC}") = "Inheritance", "Inheritance\Inheritance.csproj", "{E34EB254-F42A-475D-9567-0DD5BC755D82}"
EndProject
Project("{FAE04EC0-301F-11D3-BF4B-00C04F79EFBC}") = "TypeCasting", "TypeCasting\TypeCasting.csproj", "{E37266B9-814F-47D5-A65B-F6996FD78B39}"
EndProject
Project("{FAE04EC0-301F-11D3-BF4B-00C04F79EFBC}") = "Overriding", "Overriding\Overriding.csproj", "{30483ABF-27A1-4C0A-8644-F89B6086D74C}"
EndProject
Project("{FAE04EC0-301F-11D3-BF4B-00C04F79EFBC}") = "NestedClass", "NestedClass\NestedClass.csproj", "{FE25BAE5-9F4C-4984-A1B8-B0D6A43069D4}"
EndProject
Project("{FAE04EC0-301F-11D3-BF4B-00C04F79EFBC}") = "ExtensionMethod", "ExtensionMethod\ExtensionMethod.csproj", "{7FDFFE55-F510-4B9D-BE3C-9BDEE4CA4134}"
EndProject
Project("{FAE04EC0-301F-11D3-BF4B-00C04F79EFBC}") = "Structure", "Structure\Structure.csproj", "{5059C504-9FA4-429C-B7B0-7C79016855CC}"
EndProject
Project("{FAE04EC0-301F-11D3-BF4B-00C04F79EFBC}") = "Tuple", "Tuple\Tuple.csproj", "{F002417A-22FF-420B-9852-8BCD30A4BB3C}"
EndProject
Project("{2150E333-8FDC-42A3-9474-1A3956D46DE8}") = "Ch08", "Ch08", "{5BE0FCE1-E723-4C34-97A4-268024C40C46}"
EndProject
Project("{FAE04EC0-301F-11D3-BF4B-00C04F79EFBC}") = "InterfaceApp", "InterfaceApp\InterfaceApp.csproj", "{6E4FE94B-D32D-4BAD-B2E1-064418072BB2}"
EndProject
Project("{2150E333-8FDC-42A3-9474-1A3956D46DE8}") = "Ch09", "Ch09", "{A4DE2B3D-D304-4B69-B537-5241FE9D7C9D}"
EndProject
Project("{FAE04EC0-301F-11D3-BF4B-00C04F79EFBC}") = "MultiInfInheritance", "MultiInfInheritance\MultiInfInheritance.csproj", "{097F6253-D898-4C47-817B-4973F5A77F71}"
EndProject
Project("{FAE04EC0-301F-11D3-BF4B-00C04F79EFBC}") = "AbstractClass", "AbstractClass\AbstractClass.csproj", "{7711AD12-03E5-4E37-A8A2-16F9A9CF4D65}"
EndProject
Project("{FAE04EC0-301F-11D3-BF4B-00C04F79EFBC}") = "Property", "Property\Property.csproj", "{F779810A-334B-4B40-A80C-EE56546AC89C}"
EndProject
Project("{FAE04EC0-301F-11D3-BF4B-00C04F79EFBC}") = "PropertyInterface", "PropertyInterface\PropertyInterface.csproj", "{5A923320-3071-465E-9794-4BB9406502F0}"
EndProject
Project("{2150E333-8FDC-42A3-9474-1A3956D46DE8}") = "Ch10", "Ch10", "{F975DCCC-F051-459F-B702-88A2B1F1970B}"
EndProject
Project("{FAE04EC0-301F-11D3-BF4B-00C04F79EFBC}") = "UsingArrayList", "UsingArrayList\UsingArrayList.csproj", "{15479F71-84FD-4250-9331-D406B9C9B52E}"
EndProject
Project("{FAE04EC0-301F-11D3-BF4B-00C04F79EFBC}") = "UsingHashTable", "UsingHashTable\UsingHashTable.csproj", "{39C768A1-6C3D-4958-9A22-818FB0D378A8}"
EndProject
Project("{FAE04EC0-301F-11D3-BF4B-00C04F79EFBC}") = "UsingIndexer", "UsingIndexer\UsingIndexer.csproj", "{4ADF8B0C-F299-4AB1-A9D4-0C0D846A3A29}"
EndProject
Project("{FAE04EC0-301F-11D3-BF4B-00C04F79EFBC}") = "UsingYield", "UsingYield\UsingYield.csproj", "{1450E4E1-C735-4167-9055-DE3C9F4460B7}"
EndProject
Project("{FAE04EC0-301F-11D3-BF4B-00C04F79EFBC}") = "UsingEnumerable", "UsingEnumerable\UsingEnumerable.csproj", "{F77269EC-EC02-4779-8910-7F13FD54638B}"
EndProject
Project("{2150E333-8FDC-42A3-9474-1A3956D46DE8}") = "Ch11", "Ch11", "{EE4D42F6-3567-46EA-80CB-53EC35CFF1DF}"
EndProject
Project("{FAE04EC0-301F-11D3-BF4B-00C04F79EFBC}") = "CopyingArray", "CopyingArray\CopyingArray.csproj", "{6C8BEC35-24DA-4BE4-BBB3-FE69900309B6}"
EndProject
Project("{FAE04EC0-301F-11D3-BF4B-00C04F79EFBC}") = "UsingGenericClass", "UsingGenericClass\UsingGenericClass.csproj", "{AA706322-4D84-4F18-962F-B4320B31C7E9}"
EndProject
Project("{FAE04EC0-301F-11D3-BF4B-00C04F79EFBC}") = "GenericParameters", "GenericParameters\GenericParameters.csproj", "{E42E0448-DD47-4DAE-ACA4-167C5D41A208}"
EndProject
Project("{FAE04EC0-301F-11D3-BF4B-00C04F79EFBC}") = "UsingGenericList", "UsingGenericList\UsingGenericList.csproj", "{D9FD3CDE-50DA-4622-AD38-B124866F76E0}"
EndProject
Project("{FAE04EC0-301F-11D3-BF4B-00C04F79EFBC}") = "UsingGenericEnumerable", "UsingGenericEnumerable\UsingGenericEnumerable.csproj", "{86D7D17C-3422-415B-8A0C-E6ACC4CAB25F}"
EndProject
Project("{2150E333-8FDC-42A3-9474-1A3956D46DE8}") = "Ch12", "Ch12", "{22AD3058-A9D0-43FB-B3AC-C740FE189234}"
EndProject
Project("{FAE04EC0-301F-11D3-BF4B-00C04F79EFBC}") = "KillingProgram", "KillingProgram\KillingProgram.csproj", "{37F17D51-E63C-4952-A1AA-7DFBD56BCDB6}"
EndProject
Project("{FAE04EC0-301F-11D3-BF4B-00C04F79EFBC}") = "UsingThrow", "UsingThrow\UsingThrow.csproj", "{E2F3599A-A9FA-47BA-AC0A-ACDB8140794E}"
EndProject
Project("{FAE04EC0-301F-11D3-BF4B-00C04F79EFBC}") = "CustomException", "CustomException\CustomException.csproj", "{7EA53CEC-4F6E-4398-B1A1-790363A70FC5}"
EndProject
Project("{FAE04EC0-301F-11D3-BF4B-00C04F79EFBC}") = "UsingDelegate", "UsingDelegate\UsingDelegate.csproj", "{830D5B9F-5732-4758-83FC-9ABFEEAE5B33}"
EndProject
Project("{FAE04EC0-301F-11D3-BF4B-00C04F79EFBC}") = "UsingCallback", "UsingCallback\UsingCallback.csproj", "{3B19AB5E-70DF-49D8-B89A-C28CE0790B3E}"
EndProject
Project("{2150E333-8FDC-42A3-9474-1A3956D46DE8}") = "CH13", "CH13", "{E0F2F8C0-A0F6-48D3-A9DD-B62C8CC48D8B}"
EndProject
Project("{FAE04EC0-301F-11D3-BF4B-00C04F79EFBC}") = "DelegateChain", "DelegateChain\DelegateChain.csproj", "{89AD311B-7085-4A41-B13C-E468A0881BF2}"
EndProject
Project("{FAE04EC0-301F-11D3-BF4B-00C04F79EFBC}") = "UsingAnonymousMethod", "UsingAnonymousMethod\UsingAnonymousMethod.csproj", "{F32A2957-4F8A-4BC6-A538-016D064E0B88}"
EndProject
Project("{FAE04EC0-301F-11D3-BF4B-00C04F79EFBC}") = "UsingEvent", "UsingEvent\UsingEvent.csproj", "{512626C5-CF56-4534-9F50-193D5C199EEE}"
EndProject
Project("{FAE04EC0-301F-11D3-BF4B-00C04F79EFBC}") = "WindowsFormsApp1", "WindowsFormsApp1\WindowsFormsApp1.csproj", "{F1E1769A-4E31-4A2B-BB3A-C15F4DB6C7AB}"
EndProject
Project("{FAE04EC0-301F-11D3-BF4B-00C04F79EFBC}") = "WindowsFormsApp2", "WindowsFormsApp2\WindowsFormsApp2.csproj", "{B2F35F9B-9A79-470E-B2AB-B4269373D3C8}"
EndProject
Project("{2150E333-8FDC-42A3-9474-1A3956D46DE8}") = "Ch14", "Ch14", "{52377D2A-F1FC-4380-B807-B49764995E5B}"
EndProject
Project("{FAE04EC0-301F-11D3-BF4B-00C04F79EFBC}") = "SimpleLambda", "SimpleLambda\SimpleLambda.csproj", "{EA8B7E57-2FD3-4FF0-A4C8-37254BBF9D64}"
EndProject
Project("{FAE04EC0-301F-11D3-BF4B-00C04F79EFBC}") = "UsingFunc", "UsingFunc\UsingFunc.csproj", "{1B4E857B-988C-470C-B3B8-8EABE07D7267}"
EndProject
Project("{FAE04EC0-301F-11D3-BF4B-00C04F79EFBC}") = "UsingAction", "UsingAction\UsingAction.csproj", "{C149107F-A629-450A-8B31-4F7610095F74}"
EndProject
Project("{FAE04EC0-301F-11D3-BF4B-00C04F79EFBC}") = "LambdaExMember", "LambdaExMember\LambdaExMember.csproj", "{5527C576-18D3-4B43-9F75-AB6BB4B03D9A}"
EndProject
Project("{2150E333-8FDC-42A3-9474-1A3956D46DE8}") = "Ch15", "Ch15", "{1DA6202A-D317-40DB-9F21-77DD28CFC416}"
EndProject
Project("{FAE04EC0-301F-11D3-BF4B-00C04F79EFBC}") = "UsingFrom", "UsingFrom\UsingFrom.csproj", "{6A2C0CBC-8954-454C-88C8-094C463A5EF4}"
EndProject
Project("{2150E333-8FDC-42A3-9474-1A3956D46DE8}") = "Ch19", "Ch19", "{8CA15259-E688-486B-A7E7-C375C00E36AA}"
EndProject
Project("{FAE04EC0-301F-11D3-BF4B-00C04F79EFBC}") = "UsingBasicThread", "UsingBasicThread\UsingBasicThread.csproj", "{F7164859-B955-47B1-8DF0-162178B0EC11}"
EndProject
Project("{FAE04EC0-301F-11D3-BF4B-00C04F79EFBC}") = "WindowsFormsApp3", "WindowsFormsApp3\WindowsFormsApp3.csproj", "{66CDEA78-5A5C-4750-8B82-7DCEF32FC5D4}"
EndProject
Project("{FAE04EC0-301F-11D3-BF4B-00C04F79EFBC}") = "AbortThread", "AbortThread\AbortThread.csproj", "{A5ACA493-54BA-4A1D-8DB9-7DB3E524E163}"
EndProject
Project("{FAE04EC0-301F-11D3-BF4B-00C04F79EFBC}") = "InterruptThread", "InterruptThread\InterruptThread.csproj", "{04226089-852E-4ACD-AA71-C61B1E8A81FA}"
EndProject
Project("{FAE04EC0-301F-11D3-BF4B-00C04F79EFBC}") = "UsingLock", "UsingLock\UsingLock.csproj", "{EF27F7F1-FC92-4CB4-8E85-A334072A4971}"
EndProject
Global
	GlobalSection(SolutionConfigurationPlatforms) = preSolution
		Debug|Any CPU = Debug|Any CPU
		Release|Any CPU = Release|Any CPU
	EndGlobalSection
	GlobalSection(ProjectConfigurationPlatforms) = postSolution
		{0C31D622-72A9-488A-9E73-645EC93213EC}.Debug|Any CPU.ActiveCfg = Debug|Any CPU
		{0C31D622-72A9-488A-9E73-645EC93213EC}.Debug|Any CPU.Build.0 = Debug|Any CPU
		{0C31D622-72A9-488A-9E73-645EC93213EC}.Release|Any CPU.ActiveCfg = Release|Any CPU
		{0C31D622-72A9-488A-9E73-645EC93213EC}.Release|Any CPU.Build.0 = Release|Any CPU
		{A3851218-925B-4A82-AA1F-CEE40B60FCAA}.Debug|Any CPU.ActiveCfg = Debug|Any CPU
		{A3851218-925B-4A82-AA1F-CEE40B60FCAA}.Debug|Any CPU.Build.0 = Debug|Any CPU
		{A3851218-925B-4A82-AA1F-CEE40B60FCAA}.Release|Any CPU.ActiveCfg = Release|Any CPU
		{A3851218-925B-4A82-AA1F-CEE40B60FCAA}.Release|Any CPU.Build.0 = Release|Any CPU
		{905BDC10-9ABB-40A2-A472-727625414249}.Debug|Any CPU.ActiveCfg = Debug|Any CPU
		{905BDC10-9ABB-40A2-A472-727625414249}.Debug|Any CPU.Build.0 = Debug|Any CPU
		{905BDC10-9ABB-40A2-A472-727625414249}.Release|Any CPU.ActiveCfg = Release|Any CPU
		{905BDC10-9ABB-40A2-A472-727625414249}.Release|Any CPU.Build.0 = Release|Any CPU
		{D6D5FF73-C0B2-4501-80F6-E4D680937947}.Debug|Any CPU.ActiveCfg = Debug|Any CPU
		{D6D5FF73-C0B2-4501-80F6-E4D680937947}.Debug|Any CPU.Build.0 = Debug|Any CPU
		{D6D5FF73-C0B2-4501-80F6-E4D680937947}.Release|Any CPU.ActiveCfg = Release|Any CPU
		{D6D5FF73-C0B2-4501-80F6-E4D680937947}.Release|Any CPU.Build.0 = Release|Any CPU
		{33AD1603-F4F1-4D23-9C90-CAB5CC059C85}.Debug|Any CPU.ActiveCfg = Debug|Any CPU
		{33AD1603-F4F1-4D23-9C90-CAB5CC059C85}.Debug|Any CPU.Build.0 = Debug|Any CPU
		{33AD1603-F4F1-4D23-9C90-CAB5CC059C85}.Release|Any CPU.ActiveCfg = Release|Any CPU
		{33AD1603-F4F1-4D23-9C90-CAB5CC059C85}.Release|Any CPU.Build.0 = Release|Any CPU
		{2E987527-0E4F-4212-BE96-6CB59912E45D}.Debug|Any CPU.ActiveCfg = Debug|Any CPU
		{2E987527-0E4F-4212-BE96-6CB59912E45D}.Debug|Any CPU.Build.0 = Debug|Any CPU
		{2E987527-0E4F-4212-BE96-6CB59912E45D}.Release|Any CPU.ActiveCfg = Release|Any CPU
		{2E987527-0E4F-4212-BE96-6CB59912E45D}.Release|Any CPU.Build.0 = Release|Any CPU
		{05C47D89-7165-4E12-B32B-6425CDD495BA}.Debug|Any CPU.ActiveCfg = Debug|Any CPU
		{05C47D89-7165-4E12-B32B-6425CDD495BA}.Debug|Any CPU.Build.0 = Debug|Any CPU
		{05C47D89-7165-4E12-B32B-6425CDD495BA}.Release|Any CPU.ActiveCfg = Release|Any CPU
		{05C47D89-7165-4E12-B32B-6425CDD495BA}.Release|Any CPU.Build.0 = Release|Any CPU
		{2571D244-0A9D-44AF-81E4-E1A61D9E48F0}.Debug|Any CPU.ActiveCfg = Debug|Any CPU
		{2571D244-0A9D-44AF-81E4-E1A61D9E48F0}.Debug|Any CPU.Build.0 = Debug|Any CPU
		{2571D244-0A9D-44AF-81E4-E1A61D9E48F0}.Release|Any CPU.ActiveCfg = Release|Any CPU
		{2571D244-0A9D-44AF-81E4-E1A61D9E48F0}.Release|Any CPU.Build.0 = Release|Any CPU
		{B2A61B53-9692-450C-8722-2AC94B11B04F}.Debug|Any CPU.ActiveCfg = Debug|Any CPU
		{B2A61B53-9692-450C-8722-2AC94B11B04F}.Debug|Any CPU.Build.0 = Debug|Any CPU
		{B2A61B53-9692-450C-8722-2AC94B11B04F}.Release|Any CPU.ActiveCfg = Release|Any CPU
		{B2A61B53-9692-450C-8722-2AC94B11B04F}.Release|Any CPU.Build.0 = Release|Any CPU
		{3C3826B3-69BF-45F8-B5D2-141033ECF47C}.Debug|Any CPU.ActiveCfg = Debug|Any CPU
		{3C3826B3-69BF-45F8-B5D2-141033ECF47C}.Debug|Any CPU.Build.0 = Debug|Any CPU
		{3C3826B3-69BF-45F8-B5D2-141033ECF47C}.Release|Any CPU.ActiveCfg = Release|Any CPU
		{3C3826B3-69BF-45F8-B5D2-141033ECF47C}.Release|Any CPU.Build.0 = Release|Any CPU
		{CCD07C6B-B9F6-4C73-B66F-2D1C49E2991B}.Debug|Any CPU.ActiveCfg = Debug|Any CPU
		{CCD07C6B-B9F6-4C73-B66F-2D1C49E2991B}.Debug|Any CPU.Build.0 = Debug|Any CPU
		{CCD07C6B-B9F6-4C73-B66F-2D1C49E2991B}.Release|Any CPU.ActiveCfg = Release|Any CPU
		{CCD07C6B-B9F6-4C73-B66F-2D1C49E2991B}.Release|Any CPU.Build.0 = Release|Any CPU
		{92C78BE4-DB75-49A7-A88C-13570010519F}.Debug|Any CPU.ActiveCfg = Debug|Any CPU
		{92C78BE4-DB75-49A7-A88C-13570010519F}.Debug|Any CPU.Build.0 = Debug|Any CPU
		{92C78BE4-DB75-49A7-A88C-13570010519F}.Release|Any CPU.ActiveCfg = Release|Any CPU
		{92C78BE4-DB75-49A7-A88C-13570010519F}.Release|Any CPU.Build.0 = Release|Any CPU
		{4C7A9F81-BC20-4C58-8C3E-3CFA29FDFA0F}.Debug|Any CPU.ActiveCfg = Debug|Any CPU
		{4C7A9F81-BC20-4C58-8C3E-3CFA29FDFA0F}.Debug|Any CPU.Build.0 = Debug|Any CPU
		{4C7A9F81-BC20-4C58-8C3E-3CFA29FDFA0F}.Release|Any CPU.ActiveCfg = Release|Any CPU
		{4C7A9F81-BC20-4C58-8C3E-3CFA29FDFA0F}.Release|Any CPU.Build.0 = Release|Any CPU
		{24D58A6B-B7DF-4556-8D66-348D4888B9BC}.Debug|Any CPU.ActiveCfg = Debug|Any CPU
		{24D58A6B-B7DF-4556-8D66-348D4888B9BC}.Debug|Any CPU.Build.0 = Debug|Any CPU
		{24D58A6B-B7DF-4556-8D66-348D4888B9BC}.Release|Any CPU.ActiveCfg = Release|Any CPU
		{24D58A6B-B7DF-4556-8D66-348D4888B9BC}.Release|Any CPU.Build.0 = Release|Any CPU
		{00F7B94F-23AC-4CB2-AD77-54CFF25508D4}.Debug|Any CPU.ActiveCfg = Debug|Any CPU
		{00F7B94F-23AC-4CB2-AD77-54CFF25508D4}.Debug|Any CPU.Build.0 = Debug|Any CPU
		{00F7B94F-23AC-4CB2-AD77-54CFF25508D4}.Release|Any CPU.ActiveCfg = Release|Any CPU
		{00F7B94F-23AC-4CB2-AD77-54CFF25508D4}.Release|Any CPU.Build.0 = Release|Any CPU
		{75F3B513-60A3-498E-9BB4-1CA20E865D85}.Debug|Any CPU.ActiveCfg = Debug|Any CPU
		{75F3B513-60A3-498E-9BB4-1CA20E865D85}.Debug|Any CPU.Build.0 = Debug|Any CPU
		{75F3B513-60A3-498E-9BB4-1CA20E865D85}.Release|Any CPU.ActiveCfg = Release|Any CPU
		{75F3B513-60A3-498E-9BB4-1CA20E865D85}.Release|Any CPU.Build.0 = Release|Any CPU
		{86B9C54F-99ED-42A6-9F7B-D3C37447B394}.Debug|Any CPU.ActiveCfg = Debug|Any CPU
		{86B9C54F-99ED-42A6-9F7B-D3C37447B394}.Debug|Any CPU.Build.0 = Debug|Any CPU
		{86B9C54F-99ED-42A6-9F7B-D3C37447B394}.Release|Any CPU.ActiveCfg = Release|Any CPU
		{86B9C54F-99ED-42A6-9F7B-D3C37447B394}.Release|Any CPU.Build.0 = Release|Any CPU
		{7B63A7E8-FC16-49E4-9C7B-6B6B92488DA8}.Debug|Any CPU.ActiveCfg = Debug|Any CPU
		{7B63A7E8-FC16-49E4-9C7B-6B6B92488DA8}.Debug|Any CPU.Build.0 = Debug|Any CPU
		{7B63A7E8-FC16-49E4-9C7B-6B6B92488DA8}.Release|Any CPU.ActiveCfg = Release|Any CPU
		{7B63A7E8-FC16-49E4-9C7B-6B6B92488DA8}.Release|Any CPU.Build.0 = Release|Any CPU
		{049C178A-418D-4626-9E30-3D48BAF56DD3}.Debug|Any CPU.ActiveCfg = Debug|Any CPU
		{049C178A-418D-4626-9E30-3D48BAF56DD3}.Debug|Any CPU.Build.0 = Debug|Any CPU
		{049C178A-418D-4626-9E30-3D48BAF56DD3}.Release|Any CPU.ActiveCfg = Release|Any CPU
		{049C178A-418D-4626-9E30-3D48BAF56DD3}.Release|Any CPU.Build.0 = Release|Any CPU
		{FD396BA6-2785-48A1-93A1-3E21C3514ABF}.Debug|Any CPU.ActiveCfg = Debug|Any CPU
		{FD396BA6-2785-48A1-93A1-3E21C3514ABF}.Debug|Any CPU.Build.0 = Debug|Any CPU
		{FD396BA6-2785-48A1-93A1-3E21C3514ABF}.Release|Any CPU.ActiveCfg = Release|Any CPU
		{FD396BA6-2785-48A1-93A1-3E21C3514ABF}.Release|Any CPU.Build.0 = Release|Any CPU
		{3276A44C-2496-4347-B176-08993D58BB38}.Debug|Any CPU.ActiveCfg = Debug|Any CPU
		{3276A44C-2496-4347-B176-08993D58BB38}.Debug|Any CPU.Build.0 = Debug|Any CPU
		{3276A44C-2496-4347-B176-08993D58BB38}.Release|Any CPU.ActiveCfg = Release|Any CPU
		{3276A44C-2496-4347-B176-08993D58BB38}.Release|Any CPU.Build.0 = Release|Any CPU
		{3F07B9DF-03F5-4892-B196-A724133DEFDF}.Debug|Any CPU.ActiveCfg = Debug|Any CPU
		{3F07B9DF-03F5-4892-B196-A724133DEFDF}.Debug|Any CPU.Build.0 = Debug|Any CPU
		{3F07B9DF-03F5-4892-B196-A724133DEFDF}.Release|Any CPU.ActiveCfg = Release|Any CPU
		{3F07B9DF-03F5-4892-B196-A724133DEFDF}.Release|Any CPU.Build.0 = Release|Any CPU
		{96CA798D-41CF-4BE9-BD80-FD4EF3864C1A}.Debug|Any CPU.ActiveCfg = Debug|Any CPU
		{96CA798D-41CF-4BE9-BD80-FD4EF3864C1A}.Debug|Any CPU.Build.0 = Debug|Any CPU
		{96CA798D-41CF-4BE9-BD80-FD4EF3864C1A}.Release|Any CPU.ActiveCfg = Release|Any CPU
		{96CA798D-41CF-4BE9-BD80-FD4EF3864C1A}.Release|Any CPU.Build.0 = Release|Any CPU
		{532AF308-FA9C-42A9-BC01-828CC9BB2FA1}.Debug|Any CPU.ActiveCfg = Debug|Any CPU
		{532AF308-FA9C-42A9-BC01-828CC9BB2FA1}.Debug|Any CPU.Build.0 = Debug|Any CPU
		{532AF308-FA9C-42A9-BC01-828CC9BB2FA1}.Release|Any CPU.ActiveCfg = Release|Any CPU
		{532AF308-FA9C-42A9-BC01-828CC9BB2FA1}.Release|Any CPU.Build.0 = Release|Any CPU
		{E34EB254-F42A-475D-9567-0DD5BC755D82}.Debug|Any CPU.ActiveCfg = Debug|Any CPU
		{E34EB254-F42A-475D-9567-0DD5BC755D82}.Debug|Any CPU.Build.0 = Debug|Any CPU
		{E34EB254-F42A-475D-9567-0DD5BC755D82}.Release|Any CPU.ActiveCfg = Release|Any CPU
		{E34EB254-F42A-475D-9567-0DD5BC755D82}.Release|Any CPU.Build.0 = Release|Any CPU
		{E37266B9-814F-47D5-A65B-F6996FD78B39}.Debug|Any CPU.ActiveCfg = Debug|Any CPU
		{E37266B9-814F-47D5-A65B-F6996FD78B39}.Debug|Any CPU.Build.0 = Debug|Any CPU
		{E37266B9-814F-47D5-A65B-F6996FD78B39}.Release|Any CPU.ActiveCfg = Release|Any CPU
		{E37266B9-814F-47D5-A65B-F6996FD78B39}.Release|Any CPU.Build.0 = Release|Any CPU
		{30483ABF-27A1-4C0A-8644-F89B6086D74C}.Debug|Any CPU.ActiveCfg = Debug|Any CPU
		{30483ABF-27A1-4C0A-8644-F89B6086D74C}.Debug|Any CPU.Build.0 = Debug|Any CPU
		{30483ABF-27A1-4C0A-8644-F89B6086D74C}.Release|Any CPU.ActiveCfg = Release|Any CPU
		{30483ABF-27A1-4C0A-8644-F89B6086D74C}.Release|Any CPU.Build.0 = Release|Any CPU
		{FE25BAE5-9F4C-4984-A1B8-B0D6A43069D4}.Debug|Any CPU.ActiveCfg = Debug|Any CPU
		{FE25BAE5-9F4C-4984-A1B8-B0D6A43069D4}.Debug|Any CPU.Build.0 = Debug|Any CPU
		{FE25BAE5-9F4C-4984-A1B8-B0D6A43069D4}.Release|Any CPU.ActiveCfg = Release|Any CPU
		{FE25BAE5-9F4C-4984-A1B8-B0D6A43069D4}.Release|Any CPU.Build.0 = Release|Any CPU
		{7FDFFE55-F510-4B9D-BE3C-9BDEE4CA4134}.Debug|Any CPU.ActiveCfg = Debug|Any CPU
		{7FDFFE55-F510-4B9D-BE3C-9BDEE4CA4134}.Debug|Any CPU.Build.0 = Debug|Any CPU
		{7FDFFE55-F510-4B9D-BE3C-9BDEE4CA4134}.Release|Any CPU.ActiveCfg = Release|Any CPU
		{7FDFFE55-F510-4B9D-BE3C-9BDEE4CA4134}.Release|Any CPU.Build.0 = Release|Any CPU
		{5059C504-9FA4-429C-B7B0-7C79016855CC}.Debug|Any CPU.ActiveCfg = Debug|Any CPU
		{5059C504-9FA4-429C-B7B0-7C79016855CC}.Debug|Any CPU.Build.0 = Debug|Any CPU
		{5059C504-9FA4-429C-B7B0-7C79016855CC}.Release|Any CPU.ActiveCfg = Release|Any CPU
		{5059C504-9FA4-429C-B7B0-7C79016855CC}.Release|Any CPU.Build.0 = Release|Any CPU
		{F002417A-22FF-420B-9852-8BCD30A4BB3C}.Debug|Any CPU.ActiveCfg = Debug|Any CPU
		{F002417A-22FF-420B-9852-8BCD30A4BB3C}.Debug|Any CPU.Build.0 = Debug|Any CPU
		{F002417A-22FF-420B-9852-8BCD30A4BB3C}.Release|Any CPU.ActiveCfg = Release|Any CPU
		{F002417A-22FF-420B-9852-8BCD30A4BB3C}.Release|Any CPU.Build.0 = Release|Any CPU
		{6E4FE94B-D32D-4BAD-B2E1-064418072BB2}.Debug|Any CPU.ActiveCfg = Debug|Any CPU
		{6E4FE94B-D32D-4BAD-B2E1-064418072BB2}.Debug|Any CPU.Build.0 = Debug|Any CPU
		{6E4FE94B-D32D-4BAD-B2E1-064418072BB2}.Release|Any CPU.ActiveCfg = Release|Any CPU
		{6E4FE94B-D32D-4BAD-B2E1-064418072BB2}.Release|Any CPU.Build.0 = Release|Any CPU
		{097F6253-D898-4C47-817B-4973F5A77F71}.Debug|Any CPU.ActiveCfg = Debug|Any CPU
		{097F6253-D898-4C47-817B-4973F5A77F71}.Debug|Any CPU.Build.0 = Debug|Any CPU
		{097F6253-D898-4C47-817B-4973F5A77F71}.Release|Any CPU.ActiveCfg = Release|Any CPU
		{097F6253-D898-4C47-817B-4973F5A77F71}.Release|Any CPU.Build.0 = Release|Any CPU
		{7711AD12-03E5-4E37-A8A2-16F9A9CF4D65}.Debug|Any CPU.ActiveCfg = Debug|Any CPU
		{7711AD12-03E5-4E37-A8A2-16F9A9CF4D65}.Debug|Any CPU.Build.0 = Debug|Any CPU
		{7711AD12-03E5-4E37-A8A2-16F9A9CF4D65}.Release|Any CPU.ActiveCfg = Release|Any CPU
		{7711AD12-03E5-4E37-A8A2-16F9A9CF4D65}.Release|Any CPU.Build.0 = Release|Any CPU
		{F779810A-334B-4B40-A80C-EE56546AC89C}.Debug|Any CPU.ActiveCfg = Debug|Any CPU
		{F779810A-334B-4B40-A80C-EE56546AC89C}.Debug|Any CPU.Build.0 = Debug|Any CPU
		{F779810A-334B-4B40-A80C-EE56546AC89C}.Release|Any CPU.ActiveCfg = Release|Any CPU
		{F779810A-334B-4B40-A80C-EE56546AC89C}.Release|Any CPU.Build.0 = Release|Any CPU
		{5A923320-3071-465E-9794-4BB9406502F0}.Debug|Any CPU.ActiveCfg = Debug|Any CPU
		{5A923320-3071-465E-9794-4BB9406502F0}.Debug|Any CPU.Build.0 = Debug|Any CPU
		{5A923320-3071-465E-9794-4BB9406502F0}.Release|Any CPU.ActiveCfg = Release|Any CPU
		{5A923320-3071-465E-9794-4BB9406502F0}.Release|Any CPU.Build.0 = Release|Any CPU
		{15479F71-84FD-4250-9331-D406B9C9B52E}.Debug|Any CPU.ActiveCfg = Debug|Any CPU
		{15479F71-84FD-4250-9331-D406B9C9B52E}.Debug|Any CPU.Build.0 = Debug|Any CPU
		{15479F71-84FD-4250-9331-D406B9C9B52E}.Release|Any CPU.ActiveCfg = Release|Any CPU
		{15479F71-84FD-4250-9331-D406B9C9B52E}.Release|Any CPU.Build.0 = Release|Any CPU
		{39C768A1-6C3D-4958-9A22-818FB0D378A8}.Debug|Any CPU.ActiveCfg = Debug|Any CPU
		{39C768A1-6C3D-4958-9A22-818FB0D378A8}.Debug|Any CPU.Build.0 = Debug|Any CPU
		{39C768A1-6C3D-4958-9A22-818FB0D378A8}.Release|Any CPU.ActiveCfg = Release|Any CPU
		{39C768A1-6C3D-4958-9A22-818FB0D378A8}.Release|Any CPU.Build.0 = Release|Any CPU
		{4ADF8B0C-F299-4AB1-A9D4-0C0D846A3A29}.Debug|Any CPU.ActiveCfg = Debug|Any CPU
		{4ADF8B0C-F299-4AB1-A9D4-0C0D846A3A29}.Debug|Any CPU.Build.0 = Debug|Any CPU
		{4ADF8B0C-F299-4AB1-A9D4-0C0D846A3A29}.Release|Any CPU.ActiveCfg = Release|Any CPU
		{4ADF8B0C-F299-4AB1-A9D4-0C0D846A3A29}.Release|Any CPU.Build.0 = Release|Any CPU
		{1450E4E1-C735-4167-9055-DE3C9F4460B7}.Debug|Any CPU.ActiveCfg = Debug|Any CPU
		{1450E4E1-C735-4167-9055-DE3C9F4460B7}.Debug|Any CPU.Build.0 = Debug|Any CPU
		{1450E4E1-C735-4167-9055-DE3C9F4460B7}.Release|Any CPU.ActiveCfg = Release|Any CPU
		{1450E4E1-C735-4167-9055-DE3C9F4460B7}.Release|Any CPU.Build.0 = Release|Any CPU
		{F77269EC-EC02-4779-8910-7F13FD54638B}.Debug|Any CPU.ActiveCfg = Debug|Any CPU
		{F77269EC-EC02-4779-8910-7F13FD54638B}.Debug|Any CPU.Build.0 = Debug|Any CPU
		{F77269EC-EC02-4779-8910-7F13FD54638B}.Release|Any CPU.ActiveCfg = Release|Any CPU
		{F77269EC-EC02-4779-8910-7F13FD54638B}.Release|Any CPU.Build.0 = Release|Any CPU
		{6C8BEC35-24DA-4BE4-BBB3-FE69900309B6}.Debug|Any CPU.ActiveCfg = Debug|Any CPU
		{6C8BEC35-24DA-4BE4-BBB3-FE69900309B6}.Debug|Any CPU.Build.0 = Debug|Any CPU
		{6C8BEC35-24DA-4BE4-BBB3-FE69900309B6}.Release|Any CPU.ActiveCfg = Release|Any CPU
		{6C8BEC35-24DA-4BE4-BBB3-FE69900309B6}.Release|Any CPU.Build.0 = Release|Any CPU
		{AA706322-4D84-4F18-962F-B4320B31C7E9}.Debug|Any CPU.ActiveCfg = Debug|Any CPU
		{AA706322-4D84-4F18-962F-B4320B31C7E9}.Debug|Any CPU.Build.0 = Debug|Any CPU
		{AA706322-4D84-4F18-962F-B4320B31C7E9}.Release|Any CPU.ActiveCfg = Release|Any CPU
		{AA706322-4D84-4F18-962F-B4320B31C7E9}.Release|Any CPU.Build.0 = Release|Any CPU
		{E42E0448-DD47-4DAE-ACA4-167C5D41A208}.Debug|Any CPU.ActiveCfg = Debug|Any CPU
		{E42E0448-DD47-4DAE-ACA4-167C5D41A208}.Debug|Any CPU.Build.0 = Debug|Any CPU
		{E42E0448-DD47-4DAE-ACA4-167C5D41A208}.Release|Any CPU.ActiveCfg = Release|Any CPU
		{E42E0448-DD47-4DAE-ACA4-167C5D41A208}.Release|Any CPU.Build.0 = Release|Any CPU
		{D9FD3CDE-50DA-4622-AD38-B124866F76E0}.Debug|Any CPU.ActiveCfg = Debug|Any CPU
		{D9FD3CDE-50DA-4622-AD38-B124866F76E0}.Debug|Any CPU.Build.0 = Debug|Any CPU
		{D9FD3CDE-50DA-4622-AD38-B124866F76E0}.Release|Any CPU.ActiveCfg = Release|Any CPU
		{D9FD3CDE-50DA-4622-AD38-B124866F76E0}.Release|Any CPU.Build.0 = Release|Any CPU
		{86D7D17C-3422-415B-8A0C-E6ACC4CAB25F}.Debug|Any CPU.ActiveCfg = Debug|Any CPU
		{86D7D17C-3422-415B-8A0C-E6ACC4CAB25F}.Debug|Any CPU.Build.0 = Debug|Any CPU
		{86D7D17C-3422-415B-8A0C-E6ACC4CAB25F}.Release|Any CPU.ActiveCfg = Release|Any CPU
		{86D7D17C-3422-415B-8A0C-E6ACC4CAB25F}.Release|Any CPU.Build.0 = Release|Any CPU
		{37F17D51-E63C-4952-A1AA-7DFBD56BCDB6}.Debug|Any CPU.ActiveCfg = Debug|Any CPU
		{37F17D51-E63C-4952-A1AA-7DFBD56BCDB6}.Debug|Any CPU.Build.0 = Debug|Any CPU
		{37F17D51-E63C-4952-A1AA-7DFBD56BCDB6}.Release|Any CPU.ActiveCfg = Release|Any CPU
		{37F17D51-E63C-4952-A1AA-7DFBD56BCDB6}.Release|Any CPU.Build.0 = Release|Any CPU
		{E2F3599A-A9FA-47BA-AC0A-ACDB8140794E}.Debug|Any CPU.ActiveCfg = Debug|Any CPU
		{E2F3599A-A9FA-47BA-AC0A-ACDB8140794E}.Debug|Any CPU.Build.0 = Debug|Any CPU
		{E2F3599A-A9FA-47BA-AC0A-ACDB8140794E}.Release|Any CPU.ActiveCfg = Release|Any CPU
		{E2F3599A-A9FA-47BA-AC0A-ACDB8140794E}.Release|Any CPU.Build.0 = Release|Any CPU
		{7EA53CEC-4F6E-4398-B1A1-790363A70FC5}.Debug|Any CPU.ActiveCfg = Debug|Any CPU
		{7EA53CEC-4F6E-4398-B1A1-790363A70FC5}.Debug|Any CPU.Build.0 = Debug|Any CPU
		{7EA53CEC-4F6E-4398-B1A1-790363A70FC5}.Release|Any CPU.ActiveCfg = Release|Any CPU
		{7EA53CEC-4F6E-4398-B1A1-790363A70FC5}.Release|Any CPU.Build.0 = Release|Any CPU
		{830D5B9F-5732-4758-83FC-9ABFEEAE5B33}.Debug|Any CPU.ActiveCfg = Debug|Any CPU
		{830D5B9F-5732-4758-83FC-9ABFEEAE5B33}.Debug|Any CPU.Build.0 = Debug|Any CPU
		{830D5B9F-5732-4758-83FC-9ABFEEAE5B33}.Release|Any CPU.ActiveCfg = Release|Any CPU
		{830D5B9F-5732-4758-83FC-9ABFEEAE5B33}.Release|Any CPU.Build.0 = Release|Any CPU
		{3B19AB5E-70DF-49D8-B89A-C28CE0790B3E}.Debug|Any CPU.ActiveCfg = Debug|Any CPU
		{3B19AB5E-70DF-49D8-B89A-C28CE0790B3E}.Debug|Any CPU.Build.0 = Debug|Any CPU
		{3B19AB5E-70DF-49D8-B89A-C28CE0790B3E}.Release|Any CPU.ActiveCfg = Release|Any CPU
		{3B19AB5E-70DF-49D8-B89A-C28CE0790B3E}.Release|Any CPU.Build.0 = Release|Any CPU
		{89AD311B-7085-4A41-B13C-E468A0881BF2}.Debug|Any CPU.ActiveCfg = Debug|Any CPU
		{89AD311B-7085-4A41-B13C-E468A0881BF2}.Debug|Any CPU.Build.0 = Debug|Any CPU
		{89AD311B-7085-4A41-B13C-E468A0881BF2}.Release|Any CPU.ActiveCfg = Release|Any CPU
		{89AD311B-7085-4A41-B13C-E468A0881BF2}.Release|Any CPU.Build.0 = Release|Any CPU
		{F32A2957-4F8A-4BC6-A538-016D064E0B88}.Debug|Any CPU.ActiveCfg = Debug|Any CPU
		{F32A2957-4F8A-4BC6-A538-016D064E0B88}.Debug|Any CPU.Build.0 = Debug|Any CPU
		{F32A2957-4F8A-4BC6-A538-016D064E0B88}.Release|Any CPU.ActiveCfg = Release|Any CPU
		{F32A2957-4F8A-4BC6-A538-016D064E0B88}.Release|Any CPU.Build.0 = Release|Any CPU
		{512626C5-CF56-4534-9F50-193D5C199EEE}.Debug|Any CPU.ActiveCfg = Debug|Any CPU
		{512626C5-CF56-4534-9F50-193D5C199EEE}.Debug|Any CPU.Build.0 = Debug|Any CPU
		{512626C5-CF56-4534-9F50-193D5C199EEE}.Release|Any CPU.ActiveCfg = Release|Any CPU
		{512626C5-CF56-4534-9F50-193D5C199EEE}.Release|Any CPU.Build.0 = Release|Any CPU
		{F1E1769A-4E31-4A2B-BB3A-C15F4DB6C7AB}.Debug|Any CPU.ActiveCfg = Debug|Any CPU
		{F1E1769A-4E31-4A2B-BB3A-C15F4DB6C7AB}.Debug|Any CPU.Build.0 = Debug|Any CPU
		{F1E1769A-4E31-4A2B-BB3A-C15F4DB6C7AB}.Release|Any CPU.ActiveCfg = Release|Any CPU
		{F1E1769A-4E31-4A2B-BB3A-C15F4DB6C7AB}.Release|Any CPU.Build.0 = Release|Any CPU
		{B2F35F9B-9A79-470E-B2AB-B4269373D3C8}.Debug|Any CPU.ActiveCfg = Debug|Any CPU
		{B2F35F9B-9A79-470E-B2AB-B4269373D3C8}.Debug|Any CPU.Build.0 = Debug|Any CPU
		{B2F35F9B-9A79-470E-B2AB-B4269373D3C8}.Release|Any CPU.ActiveCfg = Release|Any CPU
		{B2F35F9B-9A79-470E-B2AB-B4269373D3C8}.Release|Any CPU.Build.0 = Release|Any CPU
		{EA8B7E57-2FD3-4FF0-A4C8-37254BBF9D64}.Debug|Any CPU.ActiveCfg = Debug|Any CPU
		{EA8B7E57-2FD3-4FF0-A4C8-37254BBF9D64}.Debug|Any CPU.Build.0 = Debug|Any CPU
		{EA8B7E57-2FD3-4FF0-A4C8-37254BBF9D64}.Release|Any CPU.ActiveCfg = Release|Any CPU
		{EA8B7E57-2FD3-4FF0-A4C8-37254BBF9D64}.Release|Any CPU.Build.0 = Release|Any CPU
		{1B4E857B-988C-470C-B3B8-8EABE07D7267}.Debug|Any CPU.ActiveCfg = Debug|Any CPU
		{1B4E857B-988C-470C-B3B8-8EABE07D7267}.Debug|Any CPU.Build.0 = Debug|Any CPU
		{1B4E857B-988C-470C-B3B8-8EABE07D7267}.Release|Any CPU.ActiveCfg = Release|Any CPU
		{1B4E857B-988C-470C-B3B8-8EABE07D7267}.Release|Any CPU.Build.0 = Release|Any CPU
		{C149107F-A629-450A-8B31-4F7610095F74}.Debug|Any CPU.ActiveCfg = Debug|Any CPU
		{C149107F-A629-450A-8B31-4F7610095F74}.Debug|Any CPU.Build.0 = Debug|Any CPU
		{C149107F-A629-450A-8B31-4F7610095F74}.Release|Any CPU.ActiveCfg = Release|Any CPU
		{C149107F-A629-450A-8B31-4F7610095F74}.Release|Any CPU.Build.0 = Release|Any CPU
		{5527C576-18D3-4B43-9F75-AB6BB4B03D9A}.Debug|Any CPU.ActiveCfg = Debug|Any CPU
		{5527C576-18D3-4B43-9F75-AB6BB4B03D9A}.Debug|Any CPU.Build.0 = Debug|Any CPU
		{5527C576-18D3-4B43-9F75-AB6BB4B03D9A}.Release|Any CPU.ActiveCfg = Release|Any CPU
		{5527C576-18D3-4B43-9F75-AB6BB4B03D9A}.Release|Any CPU.Build.0 = Release|Any CPU
		{6A2C0CBC-8954-454C-88C8-094C463A5EF4}.Debug|Any CPU.ActiveCfg = Debug|Any CPU
		{6A2C0CBC-8954-454C-88C8-094C463A5EF4}.Debug|Any CPU.Build.0 = Debug|Any CPU
		{6A2C0CBC-8954-454C-88C8-094C463A5EF4}.Release|Any CPU.ActiveCfg = Release|Any CPU
		{6A2C0CBC-8954-454C-88C8-094C463A5EF4}.Release|Any CPU.Build.0 = Release|Any CPU
		{F7164859-B955-47B1-8DF0-162178B0EC11}.Debug|Any CPU.ActiveCfg = Debug|Any CPU
		{F7164859-B955-47B1-8DF0-162178B0EC11}.Debug|Any CPU.Build.0 = Debug|Any CPU
		{F7164859-B955-47B1-8DF0-162178B0EC11}.Release|Any CPU.ActiveCfg = Release|Any CPU
		{F7164859-B955-47B1-8DF0-162178B0EC11}.Release|Any CPU.Build.0 = Release|Any CPU
		{66CDEA78-5A5C-4750-8B82-7DCEF32FC5D4}.Debug|Any CPU.ActiveCfg = Debug|Any CPU
		{66CDEA78-5A5C-4750-8B82-7DCEF32FC5D4}.Debug|Any CPU.Build.0 = Debug|Any CPU
		{66CDEA78-5A5C-4750-8B82-7DCEF32FC5D4}.Release|Any CPU.ActiveCfg = Release|Any CPU
		{66CDEA78-5A5C-4750-8B82-7DCEF32FC5D4}.Release|Any CPU.Build.0 = Release|Any CPU
		{A5ACA493-54BA-4A1D-8DB9-7DB3E524E163}.Debug|Any CPU.ActiveCfg = Debug|Any CPU
		{A5ACA493-54BA-4A1D-8DB9-7DB3E524E163}.Debug|Any CPU.Build.0 = Debug|Any CPU
		{A5ACA493-54BA-4A1D-8DB9-7DB3E524E163}.Release|Any CPU.ActiveCfg = Release|Any CPU
		{A5ACA493-54BA-4A1D-8DB9-7DB3E524E163}.Release|Any CPU.Build.0 = Release|Any CPU
		{04226089-852E-4ACD-AA71-C61B1E8A81FA}.Debug|Any CPU.ActiveCfg = Debug|Any CPU
		{04226089-852E-4ACD-AA71-C61B1E8A81FA}.Debug|Any CPU.Build.0 = Debug|Any CPU
		{04226089-852E-4ACD-AA71-C61B1E8A81FA}.Release|Any CPU.ActiveCfg = Release|Any CPU
		{04226089-852E-4ACD-AA71-C61B1E8A81FA}.Release|Any CPU.Build.0 = Release|Any CPU
		{EF27F7F1-FC92-4CB4-8E85-A334072A4971}.Debug|Any CPU.ActiveCfg = Debug|Any CPU
		{EF27F7F1-FC92-4CB4-8E85-A334072A4971}.Debug|Any CPU.Build.0 = Debug|Any CPU
		{EF27F7F1-FC92-4CB4-8E85-A334072A4971}.Release|Any CPU.ActiveCfg = Release|Any CPU
		{EF27F7F1-FC92-4CB4-8E85-A334072A4971}.Release|Any CPU.Build.0 = Release|Any CPU
	EndGlobalSection
	GlobalSection(SolutionProperties) = preSolution
		HideSolutionNode = FALSE
	EndGlobalSection
	GlobalSection(NestedProjects) = preSolution
		{0C31D622-72A9-488A-9E73-645EC93213EC} = {48EDCAB3-9DD0-4354-A118-87146CBFF103}
		{A3851218-925B-4A82-AA1F-CEE40B60FCAA} = {32BBA1EF-7290-450F-A6AA-2C95676E1B6E}
		{905BDC10-9ABB-40A2-A472-727625414249} = {32BBA1EF-7290-450F-A6AA-2C95676E1B6E}
		{D6D5FF73-C0B2-4501-80F6-E4D680937947} = {32BBA1EF-7290-450F-A6AA-2C95676E1B6E}
		{33AD1603-F4F1-4D23-9C90-CAB5CC059C85} = {32BBA1EF-7290-450F-A6AA-2C95676E1B6E}
		{2E987527-0E4F-4212-BE96-6CB59912E45D} = {32BBA1EF-7290-450F-A6AA-2C95676E1B6E}
		{05C47D89-7165-4E12-B32B-6425CDD495BA} = {32BBA1EF-7290-450F-A6AA-2C95676E1B6E}
		{2571D244-0A9D-44AF-81E4-E1A61D9E48F0} = {32BBA1EF-7290-450F-A6AA-2C95676E1B6E}
		{B2A61B53-9692-450C-8722-2AC94B11B04F} = {21659B4F-1E53-4071-819C-1FA40FA684A2}
		{3C3826B3-69BF-45F8-B5D2-141033ECF47C} = {F5E1ACA7-0AFF-4453-99FA-C3124C26DE0A}
		{CCD07C6B-B9F6-4C73-B66F-2D1C49E2991B} = {F5E1ACA7-0AFF-4453-99FA-C3124C26DE0A}
		{92C78BE4-DB75-49A7-A88C-13570010519F} = {F5E1ACA7-0AFF-4453-99FA-C3124C26DE0A}
		{4C7A9F81-BC20-4C58-8C3E-3CFA29FDFA0F} = {F5E1ACA7-0AFF-4453-99FA-C3124C26DE0A}
		{24D58A6B-B7DF-4556-8D66-348D4888B9BC} = {AAEA16E1-EE89-4D59-A79A-C2A384B1C56D}
		{00F7B94F-23AC-4CB2-AD77-54CFF25508D4} = {AAEA16E1-EE89-4D59-A79A-C2A384B1C56D}
		{75F3B513-60A3-498E-9BB4-1CA20E865D85} = {AAEA16E1-EE89-4D59-A79A-C2A384B1C56D}
		{86B9C54F-99ED-42A6-9F7B-D3C37447B394} = {AAEA16E1-EE89-4D59-A79A-C2A384B1C56D}
		{7B63A7E8-FC16-49E4-9C7B-6B6B92488DA8} = {AAEA16E1-EE89-4D59-A79A-C2A384B1C56D}
		{049C178A-418D-4626-9E30-3D48BAF56DD3} = {AAEA16E1-EE89-4D59-A79A-C2A384B1C56D}
		{FD396BA6-2785-48A1-93A1-3E21C3514ABF} = {AAEA16E1-EE89-4D59-A79A-C2A384B1C56D}
		{3276A44C-2496-4347-B176-08993D58BB38} = {9504EAAC-2D51-4831-985A-F2921DD48D99}
		{3F07B9DF-03F5-4892-B196-A724133DEFDF} = {9504EAAC-2D51-4831-985A-F2921DD48D99}
		{96CA798D-41CF-4BE9-BD80-FD4EF3864C1A} = {9504EAAC-2D51-4831-985A-F2921DD48D99}
		{532AF308-FA9C-42A9-BC01-828CC9BB2FA1} = {9504EAAC-2D51-4831-985A-F2921DD48D99}
		{E34EB254-F42A-475D-9567-0DD5BC755D82} = {9504EAAC-2D51-4831-985A-F2921DD48D99}
		{E37266B9-814F-47D5-A65B-F6996FD78B39} = {9504EAAC-2D51-4831-985A-F2921DD48D99}
		{30483ABF-27A1-4C0A-8644-F89B6086D74C} = {9504EAAC-2D51-4831-985A-F2921DD48D99}
		{FE25BAE5-9F4C-4984-A1B8-B0D6A43069D4} = {9504EAAC-2D51-4831-985A-F2921DD48D99}
		{7FDFFE55-F510-4B9D-BE3C-9BDEE4CA4134} = {9504EAAC-2D51-4831-985A-F2921DD48D99}
		{5059C504-9FA4-429C-B7B0-7C79016855CC} = {9504EAAC-2D51-4831-985A-F2921DD48D99}
		{F002417A-22FF-420B-9852-8BCD30A4BB3C} = {9504EAAC-2D51-4831-985A-F2921DD48D99}
		{6E4FE94B-D32D-4BAD-B2E1-064418072BB2} = {5BE0FCE1-E723-4C34-97A4-268024C40C46}
		{097F6253-D898-4C47-817B-4973F5A77F71} = {5BE0FCE1-E723-4C34-97A4-268024C40C46}
		{7711AD12-03E5-4E37-A8A2-16F9A9CF4D65} = {5BE0FCE1-E723-4C34-97A4-268024C40C46}
		{F779810A-334B-4B40-A80C-EE56546AC89C} = {A4DE2B3D-D304-4B69-B537-5241FE9D7C9D}
		{5A923320-3071-465E-9794-4BB9406502F0} = {A4DE2B3D-D304-4B69-B537-5241FE9D7C9D}
		{15479F71-84FD-4250-9331-D406B9C9B52E} = {F975DCCC-F051-459F-B702-88A2B1F1970B}
		{39C768A1-6C3D-4958-9A22-818FB0D378A8} = {F975DCCC-F051-459F-B702-88A2B1F1970B}
		{4ADF8B0C-F299-4AB1-A9D4-0C0D846A3A29} = {F975DCCC-F051-459F-B702-88A2B1F1970B}
		{1450E4E1-C735-4167-9055-DE3C9F4460B7} = {F975DCCC-F051-459F-B702-88A2B1F1970B}
		{F77269EC-EC02-4779-8910-7F13FD54638B} = {F975DCCC-F051-459F-B702-88A2B1F1970B}
		{6C8BEC35-24DA-4BE4-BBB3-FE69900309B6} = {EE4D42F6-3567-46EA-80CB-53EC35CFF1DF}
		{AA706322-4D84-4F18-962F-B4320B31C7E9} = {EE4D42F6-3567-46EA-80CB-53EC35CFF1DF}
		{E42E0448-DD47-4DAE-ACA4-167C5D41A208} = {EE4D42F6-3567-46EA-80CB-53EC35CFF1DF}
		{D9FD3CDE-50DA-4622-AD38-B124866F76E0} = {EE4D42F6-3567-46EA-80CB-53EC35CFF1DF}
		{86D7D17C-3422-415B-8A0C-E6ACC4CAB25F} = {EE4D42F6-3567-46EA-80CB-53EC35CFF1DF}
		{37F17D51-E63C-4952-A1AA-7DFBD56BCDB6} = {22AD3058-A9D0-43FB-B3AC-C740FE189234}
		{E2F3599A-A9FA-47BA-AC0A-ACDB8140794E} = {22AD3058-A9D0-43FB-B3AC-C740FE189234}
		{7EA53CEC-4F6E-4398-B1A1-790363A70FC5} = {22AD3058-A9D0-43FB-B3AC-C740FE189234}
		{830D5B9F-5732-4758-83FC-9ABFEEAE5B33} = {E0F2F8C0-A0F6-48D3-A9DD-B62C8CC48D8B}
		{3B19AB5E-70DF-49D8-B89A-C28CE0790B3E} = {E0F2F8C0-A0F6-48D3-A9DD-B62C8CC48D8B}
		{89AD311B-7085-4A41-B13C-E468A0881BF2} = {E0F2F8C0-A0F6-48D3-A9DD-B62C8CC48D8B}
		{F32A2957-4F8A-4BC6-A538-016D064E0B88} = {E0F2F8C0-A0F6-48D3-A9DD-B62C8CC48D8B}
		{512626C5-CF56-4534-9F50-193D5C199EEE} = {E0F2F8C0-A0F6-48D3-A9DD-B62C8CC48D8B}
		{F1E1769A-4E31-4A2B-BB3A-C15F4DB6C7AB} = {E0F2F8C0-A0F6-48D3-A9DD-B62C8CC48D8B}
		{B2F35F9B-9A79-470E-B2AB-B4269373D3C8} = {E0F2F8C0-A0F6-48D3-A9DD-B62C8CC48D8B}
		{EA8B7E57-2FD3-4FF0-A4C8-37254BBF9D64} = {52377D2A-F1FC-4380-B807-B49764995E5B}
		{1B4E857B-988C-470C-B3B8-8EABE07D7267} = {52377D2A-F1FC-4380-B807-B49764995E5B}
		{C149107F-A629-450A-8B31-4F7610095F74} = {52377D2A-F1FC-4380-B807-B49764995E5B}
		{5527C576-18D3-4B43-9F75-AB6BB4B03D9A} = {52377D2A-F1FC-4380-B807-B49764995E5B}
		{6A2C0CBC-8954-454C-88C8-094C463A5EF4} = {1DA6202A-D317-40DB-9F21-77DD28CFC416}
		{F7164859-B955-47B1-8DF0-162178B0EC11} = {8CA15259-E688-486B-A7E7-C375C00E36AA}
		{66CDEA78-5A5C-4750-8B82-7DCEF32FC5D4} = {8CA15259-E688-486B-A7E7-C375C00E36AA}
		{A5ACA493-54BA-4A1D-8DB9-7DB3E524E163} = {8CA15259-E688-486B-A7E7-C375C00E36AA}
		{04226089-852E-4ACD-AA71-C61B1E8A81FA} = {8CA15259-E688-486B-A7E7-C375C00E36AA}
		{EF27F7F1-FC92-4CB4-8E85-A334072A4971} = {8CA15259-E688-486B-A7E7-C375C00E36AA}
	EndGlobalSection
	GlobalSection(ExtensibilityGlobals) = postSolution
		SolutionGuid = {778A5E65-E591-47CF-BE5D-3EE55348ED1E}
	EndGlobalSection
EndGlobal
